
Microsoft Visual Studio Solution File, Format Version 12.00
# Visual Studio Version 17
VisualStudioVersion = 17.0.31903.59
MinimumVisualStudioVersion = 10.0.40219.1
Project("{FAE04EC0-301F-11D3-BF4B-00C04F79EFBC}") = "MathLibrary", "MathLibrary\MathLibrary.csproj", "{69A7DAEE-6A18-483A-93C4-FBBED9ABFDCB}"
EndProject
Project("{FAE04EC0-301F-11D3-BF4B-00C04F79EFBC}") = "MathLibraryTest", "MathLibraryTest\MathLibraryTest.csproj", "{743243B7-0AB7-481F-B660-78C301D68A12}"
EndProject
Global
	GlobalSection(SolutionConfigurationPlatforms) = preSolution
		Debug|Any CPU = Debug|Any CPU
		Release|Any CPU = Release|Any CPU
	EndGlobalSection
	GlobalSection(SolutionProperties) = preSolution
		HideSolutionNode = FALSE
	EndGlobalSection
	GlobalSection(ProjectConfigurationPlatforms) = postSolution
		{69A7DAEE-6A18-483A-93C4-FBBED9ABFDCB}.Debug|Any CPU.ActiveCfg = Debug|Any CPU
		{69A7DAEE-6A18-483A-93C4-FBBED9ABFDCB}.Debug|Any CPU.Build.0 = Debug|Any CPU
		{69A7DAEE-6A18-483A-93C4-FBBED9ABFDCB}.Release|Any CPU.ActiveCfg = Release|Any CPU
		{69A7DAEE-6A18-483A-93C4-FBBED9ABFDCB}.Release|Any CPU.Build.0 = Release|Any CPU
		{743243B7-0AB7-481F-B660-78C301D68A12}.Debug|Any CPU.ActiveCfg = Debug|Any CPU
		{743243B7-0AB7-481F-B660-78C301D68A12}.Debug|Any CPU.Build.0 = Debug|Any CPU
		{743243B7-0AB7-481F-B660-78C301D68A12}.Release|Any CPU.ActiveCfg = Release|Any CPU
		{743243B7-0AB7-481F-B660-78C301D68A12}.Release|Any CPU.Build.0 = Release|Any CPU
	EndGlobalSection
EndGlobal
